
Microsoft Visual Studio Solution File, Format Version 12.00
# Visual Studio Version 17
VisualStudioVersion = 17.14.36109.1 d17.14
MinimumVisualStudioVersion = 10.0.40219.1
Project("{2150E333-8FDC-42A3-9474-1A3956D46DE8}") = "Task0", "Task0", "{02EA681E-C7D8-13C7-8484-4AC65E1B71E8}"
EndProject
Project("{FAE04EC0-301F-11D3-BF4B-00C04F79EFBC}") = "Tyuiu.ArtemihinND.Sprint3.Task0.V11", "Tyuiu.ArtemihinND.Sprint3.Task0.V11\Tyuiu.ArtemihinND.Sprint3.Task0.V11.csproj", "{AC5C1DDF-9EB2-4EE3-A8DC-B5385D2E6E4C}"
EndProject
Project("{FAE04EC0-301F-11D3-BF4B-00C04F79EFBC}") = "Tyuiu.ArtemihinND.Sprint3.Task0.V11.Test", "Tyuiu.ArtemihinND.Sprint3.Task0.V11.Test\Tyuiu.ArtemihinND.Sprint3.Task0.V11.Test.csproj", "{132DFE63-0E38-4DBD-AC99-5E4E695D6991}"
EndProject
Project("{FAE04EC0-301F-11D3-BF4B-00C04F79EFBC}") = "Tyuiu.ArtemihinND.Sprint3.Task0.V11.Lib", "Tyuiu.ArtemihinND.Sprint3.Task0.V11.Lib\Tyuiu.ArtemihinND.Sprint3.Task0.V11.Lib.csproj", "{9544DF10-C142-4B2D-96E9-EE6D2B176FEA}"
EndProject
Project("{2150E333-8FDC-42A3-9474-1A3956D46DE8}") = "Task1", "Task1", "{879D480F-FBFE-4B77-B63C-F3E1E3EB25AF}"
EndProject
Project("{FAE04EC0-301F-11D3-BF4B-00C04F79EFBC}") = "Tyuiu.ArtemihinND.Sprint3.Task1.V13", "Tyuiu.ArtemihinND.Sprint3.Task1.V13\Tyuiu.ArtemihinND.Sprint3.Task1.V13.csproj", "{FC7FC828-BC3F-4666-853D-D9EFD58A96D8}"
EndProject
Project("{FAE04EC0-301F-11D3-BF4B-00C04F79EFBC}") = "Tyuiu.ArtemihinND.Sprint3.Task1.V13.Lib", "Tyuiu.ArtemihinND.Sprint3.Task1.V13.Lib\Tyuiu.ArtemihinND.Sprint3.Task1.V13.Lib.csproj", "{2D80F52B-BCCC-4039-BD53-C9555136C274}"
EndProject
Project("{FAE04EC0-301F-11D3-BF4B-00C04F79EFBC}") = "Tyuiu.ArtemihinND.Sprint3.Task1.V13.Test", "Tyuiu.ArtemihinND.Sprint3.Task1.V13.Test\Tyuiu.ArtemihinND.Sprint3.Task1.V13.Test.csproj", "{1D0D02B5-2A34-4A1D-AC55-FB8973F05493}"
EndProject
Project("{2150E333-8FDC-42A3-9474-1A3956D46DE8}") = "Task2", "Task2", "{01D9534F-7AEF-41FA-9C79-402655F70FEC}"
EndProject
Project("{FAE04EC0-301F-11D3-BF4B-00C04F79EFBC}") = "Tyuiu.ArtemihinND.Sprint3.Task2.V4", "Tyuiu.ArtemihinND.Sprint3.Task2.V4\Tyuiu.ArtemihinND.Sprint3.Task2.V4.csproj", "{08565C5E-0C4A-4C02-A9A0-059AD4E14060}"
EndProject
Project("{FAE04EC0-301F-11D3-BF4B-00C04F79EFBC}") = "Tyuiu.ArtemihinND.Sprint3.Task2.V4.Test", "Tyuiu.ArtemihinND.Sprint3.Task2.V4.Test\Tyuiu.ArtemihinND.Sprint3.Task2.V4.Test.csproj", "{08BF2F72-FED0-4490-9989-3D9231CE683F}"
EndProject
Project("{FAE04EC0-301F-11D3-BF4B-00C04F79EFBC}") = "Tyuiu.ArtemihinND.Sprint3.Task2.V4.Lib", "Tyuiu.ArtemihinND.Sprint3.Task2.V4.Lib\Tyuiu.ArtemihinND.Sprint3.Task2.V4.Lib.csproj", "{2260F268-399F-424E-B19D-CA786214E453}"
EndProject
Global
	GlobalSection(SolutionConfigurationPlatforms) = preSolution
		Debug|Any CPU = Debug|Any CPU
		Release|Any CPU = Release|Any CPU
	EndGlobalSection
	GlobalSection(ProjectConfigurationPlatforms) = postSolution
		{AC5C1DDF-9EB2-4EE3-A8DC-B5385D2E6E4C}.Debug|Any CPU.ActiveCfg = Debug|Any CPU
		{AC5C1DDF-9EB2-4EE3-A8DC-B5385D2E6E4C}.Debug|Any CPU.Build.0 = Debug|Any CPU
		{AC5C1DDF-9EB2-4EE3-A8DC-B5385D2E6E4C}.Release|Any CPU.ActiveCfg = Release|Any CPU
		{AC5C1DDF-9EB2-4EE3-A8DC-B5385D2E6E4C}.Release|Any CPU.Build.0 = Release|Any CPU
		{132DFE63-0E38-4DBD-AC99-5E4E695D6991}.Debug|Any CPU.ActiveCfg = Debug|Any CPU
		{132DFE63-0E38-4DBD-AC99-5E4E695D6991}.Debug|Any CPU.Build.0 = Debug|Any CPU
		{132DFE63-0E38-4DBD-AC99-5E4E695D6991}.Release|Any CPU.ActiveCfg = Release|Any CPU
		{132DFE63-0E38-4DBD-AC99-5E4E695D6991}.Release|Any CPU.Build.0 = Release|Any CPU
		{9544DF10-C142-4B2D-96E9-EE6D2B176FEA}.Debug|Any CPU.ActiveCfg = Debug|Any CPU
		{9544DF10-C142-4B2D-96E9-EE6D2B176FEA}.Debug|Any CPU.Build.0 = Debug|Any CPU
		{9544DF10-C142-4B2D-96E9-EE6D2B176FEA}.Release|Any CPU.ActiveCfg = Release|Any CPU
		{9544DF10-C142-4B2D-96E9-EE6D2B176FEA}.Release|Any CPU.Build.0 = Release|Any CPU
		{FC7FC828-BC3F-4666-853D-D9EFD58A96D8}.Debug|Any CPU.ActiveCfg = Debug|Any CPU
		{FC7FC828-BC3F-4666-853D-D9EFD58A96D8}.Debug|Any CPU.Build.0 = Debug|Any CPU
		{FC7FC828-BC3F-4666-853D-D9EFD58A96D8}.Release|Any CPU.ActiveCfg = Release|Any CPU
		{FC7FC828-BC3F-4666-853D-D9EFD58A96D8}.Release|Any CPU.Build.0 = Release|Any CPU
		{2D80F52B-BCCC-4039-BD53-C9555136C274}.Debug|Any CPU.ActiveCfg = Debug|Any CPU
		{2D80F52B-BCCC-4039-BD53-C9555136C274}.Debug|Any CPU.Build.0 = Debug|Any CPU
		{2D80F52B-BCCC-4039-BD53-C9555136C274}.Release|Any CPU.ActiveCfg = Release|Any CPU
		{2D80F52B-BCCC-4039-BD53-C9555136C274}.Release|Any CPU.Build.0 = Release|Any CPU
		{1D0D02B5-2A34-4A1D-AC55-FB8973F05493}.Debug|Any CPU.ActiveCfg = Debug|Any CPU
		{1D0D02B5-2A34-4A1D-AC55-FB8973F05493}.Debug|Any CPU.Build.0 = Debug|Any CPU
		{1D0D02B5-2A34-4A1D-AC55-FB8973F05493}.Release|Any CPU.ActiveCfg = Release|Any CPU
		{1D0D02B5-2A34-4A1D-AC55-FB8973F05493}.Release|Any CPU.Build.0 = Release|Any CPU
		{08565C5E-0C4A-4C02-A9A0-059AD4E14060}.Debug|Any CPU.ActiveCfg = Debug|Any CPU
		{08565C5E-0C4A-4C02-A9A0-059AD4E14060}.Debug|Any CPU.Build.0 = Debug|Any CPU
		{08565C5E-0C4A-4C02-A9A0-059AD4E14060}.Release|Any CPU.ActiveCfg = Release|Any CPU
		{08565C5E-0C4A-4C02-A9A0-059AD4E14060}.Release|Any CPU.Build.0 = Release|Any CPU
		{08BF2F72-FED0-4490-9989-3D9231CE683F}.Debug|Any CPU.ActiveCfg = Debug|Any CPU
		{08BF2F72-FED0-4490-9989-3D9231CE683F}.Debug|Any CPU.Build.0 = Debug|Any CPU
		{08BF2F72-FED0-4490-9989-3D9231CE683F}.Release|Any CPU.ActiveCfg = Release|Any CPU
		{08BF2F72-FED0-4490-9989-3D9231CE683F}.Release|Any CPU.Build.0 = Release|Any CPU
		{2260F268-399F-424E-B19D-CA786214E453}.Debug|Any CPU.ActiveCfg = Debug|Any CPU
		{2260F268-399F-424E-B19D-CA786214E453}.Debug|Any CPU.Build.0 = Debug|Any CPU
		{2260F268-399F-424E-B19D-CA786214E453}.Release|Any CPU.ActiveCfg = Release|Any CPU
		{2260F268-399F-424E-B19D-CA786214E453}.Release|Any CPU.Build.0 = Release|Any CPU
	EndGlobalSection
	GlobalSection(SolutionProperties) = preSolution
		HideSolutionNode = FALSE
	EndGlobalSection
	GlobalSection(NestedProjects) = preSolution
		{AC5C1DDF-9EB2-4EE3-A8DC-B5385D2E6E4C} = {02EA681E-C7D8-13C7-8484-4AC65E1B71E8}
		{132DFE63-0E38-4DBD-AC99-5E4E695D6991} = {02EA681E-C7D8-13C7-8484-4AC65E1B71E8}
		{9544DF10-C142-4B2D-96E9-EE6D2B176FEA} = {02EA681E-C7D8-13C7-8484-4AC65E1B71E8}
		{FC7FC828-BC3F-4666-853D-D9EFD58A96D8} = {879D480F-FBFE-4B77-B63C-F3E1E3EB25AF}
		{2D80F52B-BCCC-4039-BD53-C9555136C274} = {879D480F-FBFE-4B77-B63C-F3E1E3EB25AF}
		{1D0D02B5-2A34-4A1D-AC55-FB8973F05493} = {879D480F-FBFE-4B77-B63C-F3E1E3EB25AF}
		{08565C5E-0C4A-4C02-A9A0-059AD4E14060} = {01D9534F-7AEF-41FA-9C79-402655F70FEC}
		{08BF2F72-FED0-4490-9989-3D9231CE683F} = {01D9534F-7AEF-41FA-9C79-402655F70FEC}
		{2260F268-399F-424E-B19D-CA786214E453} = {01D9534F-7AEF-41FA-9C79-402655F70FEC}
	EndGlobalSection
	GlobalSection(ExtensibilityGlobals) = postSolution
		SolutionGuid = {F5F63409-1B3C-42A5-AEEE-1744DD8CAFBE}
	EndGlobalSection
EndGlobal
